
Microsoft Visual Studio Solution File, Format Version 12.00
# Visual Studio 15
VisualStudioVersion = 15.0.28307.539
MinimumVisualStudioVersion = 10.0.40219.1
Project("{FAE04EC0-301F-11D3-BF4B-00C04F79EFBC}") = "Threading", "Threading\Threading.csproj", "{C718840A-4B0B-488A-8C64-548A436E7497}"
EndProject
Project("{FAE04EC0-301F-11D3-BF4B-00C04F79EFBC}") = "Sweeping", "Sweeping\Sweeping.csproj", "{7EC1BAB9-A401-4C27-8349-6BF287BB69F2}"
EndProject
Project("{FAE04EC0-301F-11D3-BF4B-00C04F79EFBC}") = "Modulation", "Modulation\Modulation.csproj", "{F490716D-30AC-4646-BF8A-E76BE8247E53}"
EndProject
Project("{FAE04EC0-301F-11D3-BF4B-00C04F79EFBC}") = "Wex", "Wex\Wex.csproj", "{82A023E7-02A1-4F99-89B5-CE0FB5739C36}"
EndProject
Global
	GlobalSection(SolutionConfigurationPlatforms) = preSolution
		Debug|Any CPU = Debug|Any CPU
		Release|Any CPU = Release|Any CPU
	EndGlobalSection
	GlobalSection(ProjectConfigurationPlatforms) = postSolution
		{C718840A-4B0B-488A-8C64-548A436E7497}.Debug|Any CPU.ActiveCfg = Debug|Any CPU
		{C718840A-4B0B-488A-8C64-548A436E7497}.Debug|Any CPU.Build.0 = Debug|Any CPU
		{C718840A-4B0B-488A-8C64-548A436E7497}.Release|Any CPU.ActiveCfg = Release|Any CPU
		{C718840A-4B0B-488A-8C64-548A436E7497}.Release|Any CPU.Build.0 = Release|Any CPU
		{7EC1BAB9-A401-4C27-8349-6BF287BB69F2}.Debug|Any CPU.ActiveCfg = Debug|Any CPU
		{7EC1BAB9-A401-4C27-8349-6BF287BB69F2}.Debug|Any CPU.Build.0 = Debug|Any CPU
		{7EC1BAB9-A401-4C27-8349-6BF287BB69F2}.Release|Any CPU.ActiveCfg = Release|Any CPU
		{7EC1BAB9-A401-4C27-8349-6BF287BB69F2}.Release|Any CPU.Build.0 = Release|Any CPU
		{F490716D-30AC-4646-BF8A-E76BE8247E53}.Debug|Any CPU.ActiveCfg = Debug|Any CPU
		{F490716D-30AC-4646-BF8A-E76BE8247E53}.Debug|Any CPU.Build.0 = Debug|Any CPU
		{F490716D-30AC-4646-BF8A-E76BE8247E53}.Release|Any CPU.ActiveCfg = Release|Any CPU
		{F490716D-30AC-4646-BF8A-E76BE8247E53}.Release|Any CPU.Build.0 = Release|Any CPU
		{82A023E7-02A1-4F99-89B5-CE0FB5739C36}.Debug|Any CPU.ActiveCfg = Debug|Any CPU
		{82A023E7-02A1-4F99-89B5-CE0FB5739C36}.Debug|Any CPU.Build.0 = Debug|Any CPU
		{82A023E7-02A1-4F99-89B5-CE0FB5739C36}.Release|Any CPU.ActiveCfg = Release|Any CPU
		{82A023E7-02A1-4F99-89B5-CE0FB5739C36}.Release|Any CPU.Build.0 = Release|Any CPU
	EndGlobalSection
	GlobalSection(SolutionProperties) = preSolution
		HideSolutionNode = FALSE
	EndGlobalSection
	GlobalSection(ExtensibilityGlobals) = postSolution
		SolutionGuid = {4A074E01-C7F7-4280-A446-8441A61DE68A}
	EndGlobalSection
EndGlobal
