
Microsoft Visual Studio Solution File, Format Version 12.00
# Visual Studio 15
VisualStudioVersion = 15.0.28307.779
MinimumVisualStudioVersion = 10.0.40219.1
Project("{FAE04EC0-301F-11D3-BF4B-00C04F79EFBC}") = "Multithreading", "Multithreading.csproj", "{89AAD533-B1E5-478A-8D52-2CFAB264D5AE}"
EndProject
Project("{FAE04EC0-301F-11D3-BF4B-00C04F79EFBC}") = "Threading", "..\..\Threading\Threading.csproj", "{C718840A-4B0B-488A-8C64-548A436E7497}"
EndProject
Project("{FAE04EC0-301F-11D3-BF4B-00C04F79EFBC}") = "RFmxWLAN", "..\rdls\Source\SA\RFmx WLAN\RFmxWLAN.csproj", "{9E8F4D28-AC1D-4A06-8C62-FC96097890B9}"
EndProject
Global
	GlobalSection(SolutionConfigurationPlatforms) = preSolution
		Debug|Any CPU = Debug|Any CPU
		Release|Any CPU = Release|Any CPU
	EndGlobalSection
	GlobalSection(ProjectConfigurationPlatforms) = postSolution
		{89AAD533-B1E5-478A-8D52-2CFAB264D5AE}.Debug|Any CPU.ActiveCfg = Debug|Any CPU
		{89AAD533-B1E5-478A-8D52-2CFAB264D5AE}.Debug|Any CPU.Build.0 = Debug|Any CPU
		{89AAD533-B1E5-478A-8D52-2CFAB264D5AE}.Release|Any CPU.ActiveCfg = Release|Any CPU
		{89AAD533-B1E5-478A-8D52-2CFAB264D5AE}.Release|Any CPU.Build.0 = Release|Any CPU
		{C718840A-4B0B-488A-8C64-548A436E7497}.Debug|Any CPU.ActiveCfg = Debug|Any CPU
		{C718840A-4B0B-488A-8C64-548A436E7497}.Debug|Any CPU.Build.0 = Debug|Any CPU
		{C718840A-4B0B-488A-8C64-548A436E7497}.Release|Any CPU.ActiveCfg = Release|Any CPU
		{C718840A-4B0B-488A-8C64-548A436E7497}.Release|Any CPU.Build.0 = Release|Any CPU
		{9E8F4D28-AC1D-4A06-8C62-FC96097890B9}.Debug|Any CPU.ActiveCfg = Debug|Any CPU
		{9E8F4D28-AC1D-4A06-8C62-FC96097890B9}.Debug|Any CPU.Build.0 = Debug|Any CPU
		{9E8F4D28-AC1D-4A06-8C62-FC96097890B9}.Release|Any CPU.ActiveCfg = Release|Any CPU
		{9E8F4D28-AC1D-4A06-8C62-FC96097890B9}.Release|Any CPU.Build.0 = Release|Any CPU
	EndGlobalSection
	GlobalSection(SolutionProperties) = preSolution
		HideSolutionNode = FALSE
	EndGlobalSection
	GlobalSection(ExtensibilityGlobals) = postSolution
		SolutionGuid = {8E7C4547-FE49-4FB9-B5A8-18540CE6C548}
	EndGlobalSection
EndGlobal
