
Microsoft Visual Studio Solution File, Format Version 12.00
# Visual Studio 15
VisualStudioVersion = 15.0.28307.645
MinimumVisualStudioVersion = 10.0.40219.1
Project("{FAE04EC0-301F-11D3-BF4B-00C04F79EFBC}") = "WlanSweepExample", "WlanSweepExample.csproj", "{95D4C792-249A-47D3-9624-282EDE609BBB}"
EndProject
Project("{FAE04EC0-301F-11D3-BF4B-00C04F79EFBC}") = "Sweeping", "..\..\Sweeping\Sweeping.csproj", "{7EC1BAB9-A401-4C27-8349-6BF287BB69F2}"
EndProject
Global
	GlobalSection(SolutionConfigurationPlatforms) = preSolution
		Debug|Any CPU = Debug|Any CPU
		Release|Any CPU = Release|Any CPU
	EndGlobalSection
	GlobalSection(ProjectConfigurationPlatforms) = postSolution
		{95D4C792-249A-47D3-9624-282EDE609BBB}.Debug|Any CPU.ActiveCfg = Debug|Any CPU
		{95D4C792-249A-47D3-9624-282EDE609BBB}.Debug|Any CPU.Build.0 = Debug|Any CPU
		{95D4C792-249A-47D3-9624-282EDE609BBB}.Release|Any CPU.ActiveCfg = Release|Any CPU
		{95D4C792-249A-47D3-9624-282EDE609BBB}.Release|Any CPU.Build.0 = Release|Any CPU
		{7EC1BAB9-A401-4C27-8349-6BF287BB69F2}.Debug|Any CPU.ActiveCfg = Debug|Any CPU
		{7EC1BAB9-A401-4C27-8349-6BF287BB69F2}.Debug|Any CPU.Build.0 = Debug|Any CPU
		{7EC1BAB9-A401-4C27-8349-6BF287BB69F2}.Release|Any CPU.ActiveCfg = Release|Any CPU
		{7EC1BAB9-A401-4C27-8349-6BF287BB69F2}.Release|Any CPU.Build.0 = Release|Any CPU
	EndGlobalSection
	GlobalSection(SolutionProperties) = preSolution
		HideSolutionNode = FALSE
	EndGlobalSection
	GlobalSection(ExtensibilityGlobals) = postSolution
		SolutionGuid = {C8ED909E-3A24-4DD7-A828-A269A9C53E3E}
	EndGlobalSection
EndGlobal
