
Microsoft Visual Studio Solution File, Format Version 12.00
# Visual Studio 15
VisualStudioVersion = 15.0.28307.645
MinimumVisualStudioVersion = 10.0.40219.1
Project("{FAE04EC0-301F-11D3-BF4B-00C04F79EFBC}") = "Multisite", "Multisite.csproj", "{7BECEA99-0A26-4A0A-B86B-BA5072F75DA6}"
EndProject
Project("{FAE04EC0-301F-11D3-BF4B-00C04F79EFBC}") = "Threading", "..\..\Threading\Threading.csproj", "{C718840A-4B0B-488A-8C64-548A436E7497}"
EndProject
Global
	GlobalSection(SolutionConfigurationPlatforms) = preSolution
		Debug|Any CPU = Debug|Any CPU
		Release|Any CPU = Release|Any CPU
	EndGlobalSection
	GlobalSection(ProjectConfigurationPlatforms) = postSolution
		{7BECEA99-0A26-4A0A-B86B-BA5072F75DA6}.Debug|Any CPU.ActiveCfg = Debug|Any CPU
		{7BECEA99-0A26-4A0A-B86B-BA5072F75DA6}.Debug|Any CPU.Build.0 = Debug|Any CPU
		{7BECEA99-0A26-4A0A-B86B-BA5072F75DA6}.Release|Any CPU.ActiveCfg = Release|Any CPU
		{7BECEA99-0A26-4A0A-B86B-BA5072F75DA6}.Release|Any CPU.Build.0 = Release|Any CPU
		{C718840A-4B0B-488A-8C64-548A436E7497}.Debug|Any CPU.ActiveCfg = Debug|Any CPU
		{C718840A-4B0B-488A-8C64-548A436E7497}.Debug|Any CPU.Build.0 = Debug|Any CPU
		{C718840A-4B0B-488A-8C64-548A436E7497}.Release|Any CPU.ActiveCfg = Release|Any CPU
		{C718840A-4B0B-488A-8C64-548A436E7497}.Release|Any CPU.Build.0 = Release|Any CPU
	EndGlobalSection
	GlobalSection(SolutionProperties) = preSolution
		HideSolutionNode = FALSE
	EndGlobalSection
	GlobalSection(ExtensibilityGlobals) = postSolution
		SolutionGuid = {41DF1331-17B5-430E-A961-22A32BED840D}
	EndGlobalSection
EndGlobal
